
Microsoft Visual Studio Solution File, Format Version 12.00
# Visual Studio 14
VisualStudioVersion = 14.0.25420.1
MinimumVisualStudioVersion = 10.0.40219.1
Project("{FAE04EC0-301F-11D3-BF4B-00C04F79EFBC}") = "LeoBase", "LeoBase\LeoBase.csproj", "{E90ACAA6-4456-40D9-A473-038F0BBBA8A1}"
EndProject
Project("{FAE04EC0-301F-11D3-BF4B-00C04F79EFBC}") = "AppData", "AppCore\AppData.csproj", "{9E9DCF79-8B63-431B-941B-B9E68D2EAA4E}"
EndProject
Project("{FAE04EC0-301F-11D3-BF4B-00C04F79EFBC}") = "TestConsoleApp", "TestConsoleApp\TestConsoleApp.csproj", "{EEBE8C8A-4D78-4368-98D8-D60E6BF9A429}"
EndProject
Project("{FAE04EC0-301F-11D3-BF4B-00C04F79EFBC}") = "Tests", "Tests\Tests.csproj", "{9B0DD62D-5A9E-435D-91D3-6A55484B4977}"
EndProject
Project("{FAE04EC0-301F-11D3-BF4B-00C04F79EFBC}") = "AppPresentators", "AppPresentators\AppPresentators.csproj", "{70D186E8-A3F2-411D-9329-EFA43A35205C}"
EndProject
Project("{FAE04EC0-301F-11D3-BF4B-00C04F79EFBC}") = "LeoMapV3", "LeoMapV3\LeoMapV3.csproj", "{71666B0F-4676-4B80-966B-EC280A3E6733}"
EndProject
Project("{FAE04EC0-301F-11D3-BF4B-00C04F79EFBC}") = "PassesData", "PassesData\PassesData.csproj", "{41F1B8D2-D321-4A93-A6C0-D9D18412EA01}"
EndProject
Global
	GlobalSection(SolutionConfigurationPlatforms) = preSolution
		Debug|Any CPU = Debug|Any CPU
		Release|Any CPU = Release|Any CPU
	EndGlobalSection
	GlobalSection(ProjectConfigurationPlatforms) = postSolution
		{E90ACAA6-4456-40D9-A473-038F0BBBA8A1}.Debug|Any CPU.ActiveCfg = Debug|Any CPU
		{E90ACAA6-4456-40D9-A473-038F0BBBA8A1}.Debug|Any CPU.Build.0 = Debug|Any CPU
		{E90ACAA6-4456-40D9-A473-038F0BBBA8A1}.Release|Any CPU.ActiveCfg = Release|Any CPU
		{E90ACAA6-4456-40D9-A473-038F0BBBA8A1}.Release|Any CPU.Build.0 = Release|Any CPU
		{9E9DCF79-8B63-431B-941B-B9E68D2EAA4E}.Debug|Any CPU.ActiveCfg = Debug|Any CPU
		{9E9DCF79-8B63-431B-941B-B9E68D2EAA4E}.Debug|Any CPU.Build.0 = Debug|Any CPU
		{9E9DCF79-8B63-431B-941B-B9E68D2EAA4E}.Release|Any CPU.ActiveCfg = Release|Any CPU
		{9E9DCF79-8B63-431B-941B-B9E68D2EAA4E}.Release|Any CPU.Build.0 = Release|Any CPU
		{EEBE8C8A-4D78-4368-98D8-D60E6BF9A429}.Debug|Any CPU.ActiveCfg = Debug|Any CPU
		{EEBE8C8A-4D78-4368-98D8-D60E6BF9A429}.Debug|Any CPU.Build.0 = Debug|Any CPU
		{EEBE8C8A-4D78-4368-98D8-D60E6BF9A429}.Release|Any CPU.ActiveCfg = Release|Any CPU
		{EEBE8C8A-4D78-4368-98D8-D60E6BF9A429}.Release|Any CPU.Build.0 = Release|Any CPU
		{9B0DD62D-5A9E-435D-91D3-6A55484B4977}.Debug|Any CPU.ActiveCfg = Debug|Any CPU
		{9B0DD62D-5A9E-435D-91D3-6A55484B4977}.Debug|Any CPU.Build.0 = Debug|Any CPU
		{9B0DD62D-5A9E-435D-91D3-6A55484B4977}.Release|Any CPU.ActiveCfg = Release|Any CPU
		{9B0DD62D-5A9E-435D-91D3-6A55484B4977}.Release|Any CPU.Build.0 = Release|Any CPU
		{70D186E8-A3F2-411D-9329-EFA43A35205C}.Debug|Any CPU.ActiveCfg = Debug|Any CPU
		{70D186E8-A3F2-411D-9329-EFA43A35205C}.Debug|Any CPU.Build.0 = Debug|Any CPU
		{70D186E8-A3F2-411D-9329-EFA43A35205C}.Release|Any CPU.ActiveCfg = Release|Any CPU
		{70D186E8-A3F2-411D-9329-EFA43A35205C}.Release|Any CPU.Build.0 = Release|Any CPU
		{71666B0F-4676-4B80-966B-EC280A3E6733}.Debug|Any CPU.ActiveCfg = Debug|Any CPU
		{71666B0F-4676-4B80-966B-EC280A3E6733}.Debug|Any CPU.Build.0 = Debug|Any CPU
		{71666B0F-4676-4B80-966B-EC280A3E6733}.Release|Any CPU.ActiveCfg = Release|Any CPU
		{71666B0F-4676-4B80-966B-EC280A3E6733}.Release|Any CPU.Build.0 = Release|Any CPU
		{41F1B8D2-D321-4A93-A6C0-D9D18412EA01}.Debug|Any CPU.ActiveCfg = Debug|Any CPU
		{41F1B8D2-D321-4A93-A6C0-D9D18412EA01}.Debug|Any CPU.Build.0 = Debug|Any CPU
		{41F1B8D2-D321-4A93-A6C0-D9D18412EA01}.Release|Any CPU.ActiveCfg = Release|Any CPU
		{41F1B8D2-D321-4A93-A6C0-D9D18412EA01}.Release|Any CPU.Build.0 = Release|Any CPU
	EndGlobalSection
	GlobalSection(SolutionProperties) = preSolution
		HideSolutionNode = FALSE
	EndGlobalSection
EndGlobal
